// !$*UTF8*$!
{
	archiveVersion = 1;
	classes = {
	};
	objectVersion = 50;
	objects = {

/* Begin PBXBuildFile section */
		EB98A0A326ADD1CB004C8FBF /* AppDelegate.swift in Sources */ = {isa = PBXBuildFile; fileRef = EB98A0A226ADD1CB004C8FBF /* AppDelegate.swift */; };
		EB98A0A526ADD1CB004C8FBF /* SceneDelegate.swift in Sources */ = {isa = PBXBuildFile; fileRef = EB98A0A426ADD1CB004C8FBF /* SceneDelegate.swift */; };
		EB98A0A726ADD1CB004C8FBF /* ViewController.swift in Sources */ = {isa = PBXBuildFile; fileRef = EB98A0A626ADD1CB004C8FBF /* ViewController.swift */; };
		EB98A0AA26ADD1CB004C8FBF /* Main.storyboard in Resources */ = {isa = PBXBuildFile; fileRef = EB98A0A826ADD1CB004C8FBF /* Main.storyboard */; };
		EB98A0AC26ADD1CD004C8FBF /* Assets.xcassets in Resources */ = {isa = PBXBuildFile; fileRef = EB98A0AB26ADD1CD004C8FBF /* Assets.xcassets */; };
		EB98A0AF26ADD1CD004C8FBF /* LaunchScreen.storyboard in Resources */ = {isa = PBXBuildFile; fileRef = EB98A0AD26ADD1CD004C8FBF /* LaunchScreen.storyboard */; };
/* End PBXBuildFile section */

/* Begin PBXFileReference section */
		EB98A09F26ADD1CB004C8FBF /* SwiftFirst.app */ = {isa = PBXFileReference; explicitFileType = wrapper.application; includeInIndex = 0; path = SwiftFirst.app; sourceTree = BUILT_PRODUCTS_DIR; };
		EB98A0A226ADD1CB004C8FBF /* AppDelegate.swift */ = {isa = PBXFileReference; lastKnownFileType = sourcecode.swift; path = AppDelegate.swift; sourceTree = "<group>"; };
		EB98A0A426ADD1CB004C8FBF /* SceneDelegate.swift */ = {isa = PBXFileReference; lastKnownFileType = sourcecode.swift; path = SceneDelegate.swift; sourceTree = "<group>"; };
		EB98A0A626ADD1CB004C8FBF /* ViewController.swift */ = {isa = PBXFileReference; lastKnownFileType = sourcecode.swift; path = ViewController.swift; sourceTree = "<group>"; };
		EB98A0A926ADD1CB004C8FBF /* Base */ = {isa = PBXFileReference; lastKnownFileType = file.storyboard; name = Base; path = Base.lproj/Main.storyboard; sourceTree = "<group>"; };
		EB98A0AB26ADD1CD004C8FBF /* Assets.xcassets */ = {isa = PBXFileReference; lastKnownFileType = folder.assetcatalog; path = Assets.xcassets; sourceTree = "<group>"; };
		EB98A0AE26ADD1CD004C8FBF /* Base */ = {isa = PBXFileReference; lastKnownFileType = file.storyboard; name = Base; path = Base.lproj/LaunchScreen.storyboard; sourceTree = "<group>"; };
		EB98A0B026ADD1CD004C8FBF /* Info.plist */ = {isa = PBXFileReference; lastKnownFileType = text.plist.xml; path = Info.plist; sourceTree = "<group>"; };
/* End PBXFileReference section */

/* Begin PBXFrameworksBuildPhase section */
		EB98A09C26ADD1CB004C8FBF /* Frameworks */ = {
			isa = PBXFrameworksBuildPhase;
			buildActionMask = 2147483647;
			files = (
			);
			runOnlyForDeploymentPostprocessing = 0;
		};
/* End PBXFrameworksBuildPhase section */

/* Begin PBXGroup section */
		EB98A09626ADD1CB004C8FBF = {
			isa = PBXGroup;
			children = (
				EB98A0A126ADD1CB004C8FBF /* SwiftFirst */,
				EB98A0A026ADD1CB004C8FBF /* Products */,
			);
			sourceTree = "<group>";
		};
		EB98A0A026ADD1CB004C8FBF /* Products */ = {
			isa = PBXGroup;
			children = (
				EB98A09F26ADD1CB004C8FBF /* SwiftFirst.app */,
			);
			name = Products;
			sourceTree = "<group>";
		};
		EB98A0A126ADD1CB004C8FBF /* SwiftFirst */ = {
			isa = PBXGroup;
			children = (
				EB98A0A226ADD1CB004C8FBF /* AppDelegate.swift */,
				EB98A0A426ADD1CB004C8FBF /* SceneDelegate.swift */,
				EB98A0A626ADD1CB004C8FBF /* ViewController.swift */,
				EB98A0A826ADD1CB004C8FBF /* Main.storyboard */,
				EB98A0AB26ADD1CD004C8FBF /* Assets.xcassets */,
				EB98A0AD26ADD1CD004C8FBF /* LaunchScreen.storyboard */,
				EB98A0B026ADD1CD004C8FBF /* Info.plist */,
			);
			path = SwiftFirst;
			sourceTree = "<group>";
		};
/* End PBXGroup section */

/* Begin PBXNativeTarget section */
		EB98A09E26ADD1CB004C8FBF /* SwiftFirst */ = {
			isa = PBXNativeTarget;
			buildConfigurationList = EB98A0B326ADD1CD004C8FBF /* Build configuration list for PBXNativeTarget "SwiftFirst" */;
			buildPhases = (
				EB98A09B26ADD1CB004C8FBF /* Sources */,
				EB98A09C26ADD1CB004C8FBF /* Frameworks */,
				EB98A09D26ADD1CB004C8FBF /* Resources */,
			);
			buildRules = (
			);
			dependencies = (
			);
			name = SwiftFirst;
			productName = SwiftFirst;
			productReference = EB98A09F26ADD1CB004C8FBF /* SwiftFirst.app */;
			productType = "com.apple.product-type.application";
		};
/* End PBXNativeTarget section */

/* Begin PBXProject section */
		EB98A09726ADD1CB004C8FBF /* Project object */ = {
			isa = PBXProject;
			attributes = {
				LastSwiftUpdateCheck = 1250;
				LastUpgradeCheck = 1250;
				TargetAttributes = {
					EB98A09E26ADD1CB004C8FBF = {
						CreatedOnToolsVersion = 12.5.1;
					};
				};
			};
			buildConfigurationList = EB98A09A26ADD1CB004C8FBF /* Build configuration list for PBXProject "SwiftFirst" */;
			compatibilityVersion = "Xcode 9.3";
			developmentRegion = en;
			hasScannedForEncodings = 0;
			knownRegions = (
				en,
				Base,
			);
			mainGroup = EB98A09626ADD1CB004C8FBF;
			productRefGroup = EB98A0A026ADD1CB004C8FBF /* Products */;
			projectDirPath = "";
			projectRoot = "";
			targets = (
				EB98A09E26ADD1CB004C8FBF /* SwiftFirst */,
			);
		};
/* End PBXProject section */

/* Begin PBXResourcesBuildPhase section */
		EB98A09D26ADD1CB004C8FBF /* Resources */ = {
			isa = PBXResourcesBuildPhase;
			buildActionMask = 2147483647;
			files = (
				EB98A0AF26ADD1CD004C8FBF /* LaunchScreen.storyboard in Resources */,
				EB98A0AC26ADD1CD004C8FBF /* Assets.xcassets in Resources */,
				EB98A0AA26ADD1CB004C8FBF /* Main.storyboard in Resources */,
			);
			runOnlyForDeploymentPostprocessing = 0;
		};
/* End PBXResourcesBuildPhase section */

/* Begin PBXSourcesBuildPhase section */
		EB98A09B26ADD1CB004C8FBF /* Sources */ = {
			isa = PBXSourcesBuildPhase;
			buildActionMask = 2147483647;
			files = (
				EB98A0A726ADD1CB004C8FBF /* ViewController.swift in Sources */,
				EB98A0A326ADD1CB004C8FBF /* AppDelegate.swift in Sources */,
				EB98A0A526ADD1CB004C8FBF /* SceneDelegate.swift in Sources */,
			);
			runOnlyForDeploymentPostprocessing = 0;
		};
/* End PBXSourcesBuildPhase section */

/* Begin PBXVariantGroup section */
		EB98A0A826ADD1CB004C8FBF /* Main.storyboard */ = {
			isa = PBXVariantGroup;
			children = (
				EB98A0A926ADD1CB004C8FBF /* Base */,
			);
			name = Main.storyboard;
			sourceTree = "<group>";
		};
		EB98A0AD26ADD1CD004C8FBF /* LaunchScreen.storyboard */ = {
			isa = PBXVariantGroup;
			children = (
				EB98A0AE26ADD1CD004C8FBF /* Base */,
			);
			name = LaunchScreen.storyboard;
			sourceTree = "<group>";
		};
/* End PBXVariantGroup section */

/* Begin XCBuildConfiguration section */
		EB98A0B126ADD1CD004C8FBF /* Debug */ = {
			isa = XCBuildConfiguration;
			buildSettings = {
				ALWAYS_SEARCH_USER_PATHS = NO;
				CLANG_ANALYZER_NONNULL = YES;
				CLANG_ANALYZER_NUMBER_OBJECT_CONVERSION = YES_AGGRESSIVE;
				CLANG_CXX_LANGUAGE_STANDARD = "gnu++14";
				CLANG_CXX_LIBRARY = "libc++";
				CLANG_ENABLE_MODULES = YES;
				CLANG_ENABLE_OBJC_ARC = YES;
				CLANG_ENABLE_OBJC_WEAK = YES;
				CLANG_WARN_BLOCK_CAPTURE_AUTORELEASING = YES;
				CLANG_WARN_BOOL_CONVERSION = YES;
				CLANG_WARN_COMMA = YES;
				CLANG_WARN_CONSTANT_CONVERSION = YES;
				CLANG_WARN_DEPRECATED_OBJC_IMPLEMENTATIONS = YES;
				CLANG_WARN_DIRECT_OBJC_ISA_USAGE = YES_ERROR;
				CLANG_WARN_DOCUMENTATION_COMMENTS = YES;
				CLANG_WARN_EMPTY_BODY = YES;
				CLANG_WARN_ENUM_CONVERSION = YES;
				CLANG_WARN_INFINITE_RECURSION = YES;
				CLANG_WARN_INT_CONVERSION = YES;
				CLANG_WARN_NON_LITERAL_NULL_CONVERSION = YES;
				CLANG_WARN_OBJC_IMPLICIT_RETAIN_SELF = YES;
				CLANG_WARN_OBJC_LITERAL_CONVERSION = YES;
				CLANG_WARN_OBJC_ROOT_CLASS = YES_ERROR;
				CLANG_WARN_QUOTED_INCLUDE_IN_FRAMEWORK_HEADER = YES;
				CLANG_WARN_RANGE_LOOP_ANALYSIS = YES;
				CLANG_WARN_STRICT_PROTOTYPES = YES;
				CLANG_WARN_SUSPICIOUS_MOVE = YES;
				CLANG_WARN_UNGUARDED_AVAILABILITY = YES_AGGRESSIVE;
				CLANG_WARN_UNREACHABLE_CODE = YES;
				CLANG_WARN__DUPLICATE_METHOD_MATCH = YES;
				COPY_PHASE_STRIP = NO;
				DEBUG_INFORMATION_FORMAT = dwarf;
				ENABLE_STRICT_OBJC_MSGSEND = YES;
				ENABLE_TESTABILITY = YES;
				GCC_C_LANGUAGE_STANDARD = gnu11;
				GCC_DYNAMIC_NO_PIC = NO;
				GCC_NO_COMMON_BLOCKS = YES;
				GCC_OPTIMIZATION_LEVEL = 0;
				GCC_PREPROCESSOR_DEFINITIONS = (
					"DEBUG=1",
					"$(inherited)",
				);
				GCC_WARN_64_TO_32_BIT_CONVERSION = YES;
				GCC_WARN_ABOUT_RETURN_TYPE = YES_ERROR;
				GCC_WARN_UNDECLARED_SELECTOR = YES;
				GCC_WARN_UNINITIALIZED_AUTOS = YES_AGGRESSIVE;
				GCC_WARN_UNUSED_FUNCTION = YES;
				GCC_WARN_UNUSED_VARIABLE = YES;
				IPHONEOS_DEPLOYMENT_TARGET = 14.5;
				MTL_ENABLE_DEBUG_INFO = INCLUDE_SOURCE;
				MTL_FAST_MATH = YES;
				ONLY_ACTIVE_ARCH = YES;
				SDKROOT = iphoneos;
				SWIFT_ACTIVE_COMPILATION_CONDITIONS = DEBUG;
				SWIFT_OPTIMIZATION_LEVEL = "-Onone";
			};
			name = Debug;
		};
		EB98A0B226ADD1CD004C8FBF /* Release */ = {
			isa = XCBuildConfiguration;
			buildSettings = {
				ALWAYS_SEARCH_USER_PATHS = NO;
				CLANG_ANALYZER_NONNULL = YES;
				CLANG_ANALYZER_NUMBER_OBJECT_CONVERSION = YES_AGGRESSIVE;
				CLANG_CXX_LANGUAGE_STANDARD = "gnu++14";
				CLANG_CXX_LIBRARY = "libc++";
				CLANG_ENABLE_MODULES = YES;
				CLANG_ENABLE_OBJC_ARC = YES;
				CLANG_ENABLE_OBJC_WEAK = YES;
				CLANG_WARN_BLOCK_CAPTURE_AUTORELEASING = YES;
				CLANG_WARN_BOOL_CONVERSION = YES;
				CLANG_WARN_COMMA = YES;
				CLANG_WARN_CONSTANT_CONVERSION = YES;
				CLANG_WARN_DEPRECATED_OBJC_IMPLEMENTATIONS = YES;
				CLANG_WARN_DIRECT_OBJC_ISA_USAGE = YES_ERROR;
				CLANG_WARN_DOCUMENTATION_COMMENTS = YES;
				CLANG_WARN_EMPTY_BODY = YES;
				CLANG_WARN_ENUM_CONVERSION = YES;
				CLANG_WARN_INFINITE_RECURSION = YES;
				CLANG_WARN_INT_CONVERSION = YES;
				CLANG_WARN_NON_LITERAL_NULL_CONVERSION = YES;
				CLANG_WARN_OBJC_IMPLICIT_RETAIN_SELF = YES;
				CLANG_WARN_OBJC_LITERAL_CONVERSION = YES;
				CLANG_WARN_OBJC_ROOT_CLASS = YES_ERROR;
				CLANG_WARN_QUOTED_INCLUDE_IN_FRAMEWORK_HEADER = YES;
				CLANG_WARN_RANGE_LOOP_ANALYSIS = YES;
				CLANG_WARN_STRICT_PROTOTYPES = YES;
				CLANG_WARN_SUSPICIOUS_MOVE = YES;
				CLANG_WARN_UNGUARDED_AVAILABILITY = YES_AGGRESSIVE;
				CLANG_WARN_UNREACHABLE_CODE = YES;
				CLANG_WARN__DUPLICATE_METHOD_MATCH = YES;
				COPY_PHASE_STRIP = NO;
				DEBUG_INFORMATION_FORMAT = "dwarf-with-dsym";
				ENABLE_NS_ASSERTIONS = NO;
				ENABLE_STRICT_OBJC_MSGSEND = YES;
				GCC_C_LANGUAGE_STANDARD = gnu11;
				GCC_NO_COMMON_BLOCKS = YES;
				GCC_WARN_64_TO_32_BIT_CONVERSION = YES;
				GCC_WARN_ABOUT_RETURN_TYPE = YES_ERROR;
				GCC_WARN_UNDECLARED_SELECTOR = YES;
				GCC_WARN_UNINITIALIZED_AUTOS = YES_AGGRESSIVE;
				GCC_WARN_UNUSED_FUNCTION = YES;
				GCC_WARN_UNUSED_VARIABLE = YES;
				IPHONEOS_DEPLOYMENT_TARGET = 14.5;
				MTL_ENABLE_DEBUG_INFO = NO;
				MTL_FAST_MATH = YES;
				SDKROOT = iphoneos;
				SWIFT_COMPILATION_MODE = wholemodule;
				SWIFT_OPTIMIZATION_LEVEL = "-O";
				VALIDATE_PRODUCT = YES;
			};
			name = Release;
		};
		EB98A0B426ADD1CD004C8FBF /* Debug */ = {
			isa = XCBuildConfiguration;
			buildSettings = {
				ASSETCATALOG_COMPILER_APPICON_NAME = AppIcon;
				ASSETCATALOG_COMPILER_GLOBAL_ACCENT_COLOR_NAME = AccentColor;
				CODE_SIGN_STYLE = Automatic;
				INFOPLIST_FILE = SwiftFirst/Info.plist;
				LD_RUNPATH_SEARCH_PATHS = (
					"$(inherited)",
					"@executable_path/Frameworks",
				);
				PRODUCT_BUNDLE_IDENTIFIER = com.example.SwiftFirst;
				PRODUCT_NAME = "$(TARGET_NAME)";
				SWIFT_VERSION = 5.0;
				TARGETED_DEVICE_FAMILY = "1,2";
			};
			name = Debug;
		};
		EB98A0B526ADD1CD004C8FBF /* Release */ = {
			isa = XCBuildConfiguration;
			buildSettings = {
				ASSETCATALOG_COMPILER_APPICON_NAME = AppIcon;
				ASSETCATALOG_COMPILER_GLOBAL_ACCENT_COLOR_NAME = AccentColor;
				CODE_SIGN_STYLE = Automatic;
				INFOPLIST_FILE = SwiftFirst/Info.plist;
				LD_RUNPATH_SEARCH_PATHS = (
					"$(inherited)",
					"@executable_path/Frameworks",
				);
				PRODUCT_BUNDLE_IDENTIFIER = com.example.SwiftFirst;
				PRODUCT_NAME = "$(TARGET_NAME)";
				SWIFT_VERSION = 5.0;
				TARGETED_DEVICE_FAMILY = "1,2";
			};
			name = Release;
		};
/* End XCBuildConfiguration section */

/* Begin XCConfigurationList section */
		EB98A09A26ADD1CB004C8FBF /* Build configuration list for PBXProject "SwiftFirst" */ = {
			isa = XCConfigurationList;
			buildConfigurations = (
				EB98A0B126ADD1CD004C8FBF /* Debug */,
				EB98A0B226ADD1CD004C8FBF /* Release */,
			);
			defaultConfigurationIsVisible = 0;
			defaultConfigurationName = Release;
		};
		EB98A0B326ADD1CD004C8FBF /* Build configuration list for PBXNativeTarget "SwiftFirst" */ = {
			isa = XCConfigurationList;
			buildConfigurations = (
				EB98A0B426ADD1CD004C8FBF /* Debug */,
				EB98A0B526ADD1CD004C8FBF /* Release */,
			);
			defaultConfigurationIsVisible = 0;
			defaultConfigurationName = Release;
		};
/* End XCConfigurationList section */
	};
	rootObject = EB98A09726ADD1CB004C8FBF /* Project object */;
}
